// !$*UTF8*$!
{
	archiveVersion = 1;
	classes = {
	};
	objectVersion = 46;
	objects = {

/* Begin PBXBuildFile section */
		1F2786F31953514D00748706 /* Foundation.framework in Frameworks */ = {isa = PBXBuildFile; fileRef = 1F2786F21953514D00748706 /* Foundation.framework */; };
		1F2786F81953514D00748706 /* ClearCookiesANE.h in CopyFiles */ = {isa = PBXBuildFile; fileRef = 1F2786F71953514D00748706 /* ClearCookiesANE.h */; };
		1F2786FA1953514D00748706 /* ClearCookiesANE.m in Sources */ = {isa = PBXBuildFile; fileRef = 1F2786F91953514D00748706 /* ClearCookiesANE.m */; };
		1F27871A195352F400748706 /* FlashRuntimeExtensions.h in Sources */ = {isa = PBXBuildFile; fileRef = 1F278719195352C700748706 /* FlashRuntimeExtensions.h */; };
/* End PBXBuildFile section */

/* Begin PBXCopyFilesBuildPhase section */
		1F2786ED1953514D00748706 /* CopyFiles */ = {
			isa = PBXCopyFilesBuildPhase;
			buildActionMask = 2147483647;
			dstPath = "include/$(PRODUCT_NAME)";
			dstSubfolderSpec = 16;
			files = (
				1F2786F81953514D00748706 /* ClearCookiesANE.h in CopyFiles */,
			);
			runOnlyForDeploymentPostprocessing = 0;
		};
/* End PBXCopyFilesBuildPhase section */

/* Begin PBXFileReference section */
		1F2786EF1953514D00748706 /* libClearCookiesANE.a */ = {isa = PBXFileReference; explicitFileType = archive.ar; includeInIndex = 0; path = libClearCookiesANE.a; sourceTree = BUILT_PRODUCTS_DIR; };
		1F2786F21953514D00748706 /* Foundation.framework */ = {isa = PBXFileReference; lastKnownFileType = wrapper.framework; name = Foundation.framework; path = System/Library/Frameworks/Foundation.framework; sourceTree = SDKROOT; };
		1F2786F61953514D00748706 /* ClearCookiesANE-Prefix.pch */ = {isa = PBXFileReference; lastKnownFileType = sourcecode.c.h; path = "ClearCookiesANE-Prefix.pch"; sourceTree = "<group>"; };
		1F2786F71953514D00748706 /* ClearCookiesANE.h */ = {isa = PBXFileReference; lastKnownFileType = sourcecode.c.h; path = ClearCookiesANE.h; sourceTree = "<group>"; };
		1F2786F91953514D00748706 /* ClearCookiesANE.m */ = {isa = PBXFileReference; lastKnownFileType = sourcecode.c.objc; path = ClearCookiesANE.m; sourceTree = "<group>"; };
		1F2787001953514D00748706 /* XCTest.framework */ = {isa = PBXFileReference; lastKnownFileType = wrapper.framework; name = XCTest.framework; path = Library/Frameworks/XCTest.framework; sourceTree = DEVELOPER_DIR; };
		1F2787031953514D00748706 /* UIKit.framework */ = {isa = PBXFileReference; lastKnownFileType = wrapper.framework; name = UIKit.framework; path = Library/Frameworks/UIKit.framework; sourceTree = DEVELOPER_DIR; };
		1F278719195352C700748706 /* FlashRuntimeExtensions.h */ = {isa = PBXFileReference; fileEncoding = 4; lastKnownFileType = sourcecode.c.h; path = FlashRuntimeExtensions.h; sourceTree = "<group>"; };
/* End PBXFileReference section */

/* Begin PBXFrameworksBuildPhase section */
		1F2786EC1953514D00748706 /* Frameworks */ = {
			isa = PBXFrameworksBuildPhase;
			buildActionMask = 2147483647;
			files = (
				1F2786F31953514D00748706 /* Foundation.framework in Frameworks */,
			);
			runOnlyForDeploymentPostprocessing = 0;
		};
/* End PBXFrameworksBuildPhase section */

/* Begin PBXGroup section */
		1F2786E61953514D00748706 = {
			isa = PBXGroup;
			children = (
				1F2786F41953514D00748706 /* ClearCookiesANE */,
				1F2786F11953514D00748706 /* Frameworks */,
				1F2786F01953514D00748706 /* Products */,
			);
			sourceTree = "<group>";
		};
		1F2786F01953514D00748706 /* Products */ = {
			isa = PBXGroup;
			children = (
				1F2786EF1953514D00748706 /* libClearCookiesANE.a */,
			);
			name = Products;
			sourceTree = "<group>";
		};
		1F2786F11953514D00748706 /* Frameworks */ = {
			isa = PBXGroup;
			children = (
				1F2786F21953514D00748706 /* Foundation.framework */,
				1F2787001953514D00748706 /* XCTest.framework */,
				1F2787031953514D00748706 /* UIKit.framework */,
			);
			name = Frameworks;
			sourceTree = "<group>";
		};
		1F2786F41953514D00748706 /* ClearCookiesANE */ = {
			isa = PBXGroup;
			children = (
				1F278719195352C700748706 /* FlashRuntimeExtensions.h */,
				1F2786F71953514D00748706 /* ClearCookiesANE.h */,
				1F2786F91953514D00748706 /* ClearCookiesANE.m */,
				1F2786F51953514D00748706 /* Supporting Files */,
			);
			path = ClearCookiesANE;
			sourceTree = "<group>";
		};
		1F2786F51953514D00748706 /* Supporting Files */ = {
			isa = PBXGroup;
			children = (
				1F2786F61953514D00748706 /* ClearCookiesANE-Prefix.pch */,
			);
			name = "Supporting Files";
			sourceTree = "<group>";
		};
/* End PBXGroup section */

/* Begin PBXNativeTarget section */
		1F2786EE1953514D00748706 /* ClearCookiesANE */ = {
			isa = PBXNativeTarget;
			buildConfigurationList = 1F2787121953514D00748706 /* Build configuration list for PBXNativeTarget "ClearCookiesANE" */;
			buildPhases = (
				1F2786EB1953514D00748706 /* Sources */,
				1F2786EC1953514D00748706 /* Frameworks */,
				1F2786ED1953514D00748706 /* CopyFiles */,
			);
			buildRules = (
			);
			dependencies = (
			);
			name = ClearCookiesANE;
			productName = ClearCookiesANE;
			productReference = 1F2786EF1953514D00748706 /* libClearCookiesANE.a */;
			productType = "com.apple.product-type.library.static";
		};
/* End PBXNativeTarget section */

/* Begin PBXProject section */
		1F2786E71953514D00748706 /* Project object */ = {
			isa = PBXProject;
			attributes = {
				LastUpgradeCheck = 0510;
				ORGANIZATIONNAME = "Pierre Lepers";
			};
			buildConfigurationList = 1F2786EA1953514D00748706 /* Build configuration list for PBXProject "ClearCookiesANE" */;
			compatibilityVersion = "Xcode 3.2";
			developmentRegion = English;
			hasScannedForEncodings = 0;
			knownRegions = (
				en,
			);
			mainGroup = 1F2786E61953514D00748706;
			productRefGroup = 1F2786F01953514D00748706 /* Products */;
			projectDirPath = "";
			projectRoot = "";
			targets = (
				1F2786EE1953514D00748706 /* ClearCookiesANE */,
			);
		};
/* End PBXProject section */

/* Begin PBXSourcesBuildPhase section */
		1F2786EB1953514D00748706 /* Sources */ = {
			isa = PBXSourcesBuildPhase;
			buildActionMask = 2147483647;
			files = (
				1F27871A195352F400748706 /* FlashRuntimeExtensions.h in Sources */,
				1F2786FA1953514D00748706 /* ClearCookiesANE.m in Sources */,
			);
			runOnlyForDeploymentPostprocessing = 0;
		};
/* End PBXSourcesBuildPhase section */

/* Begin XCBuildConfiguration section */
		1F2787101953514D00748706 /* Debug */ = {
			isa = XCBuildConfiguration;
			buildSettings = {
				ALWAYS_SEARCH_USER_PATHS = NO;
				CLANG_CXX_LANGUAGE_STANDARD = "gnu++0x";
				CLANG_CXX_LIBRARY = "libc++";
				CLANG_ENABLE_MODULES = YES;
				CLANG_ENABLE_OBJC_ARC = YES;
				CLANG_WARN_BOOL_CONVERSION = YES;
				CLANG_WARN_CONSTANT_CONVERSION = YES;
				CLANG_WARN_DIRECT_OBJC_ISA_USAGE = YES_ERROR;
				CLANG_WARN_EMPTY_BODY = YES;
				CLANG_WARN_ENUM_CONVERSION = YES;
				CLANG_WARN_INT_CONVERSION = YES;
				CLANG_WARN_OBJC_ROOT_CLASS = YES_ERROR;
				CLANG_WARN__DUPLICATE_METHOD_MATCH = YES;
				COPY_PHASE_STRIP = NO;
				GCC_C_LANGUAGE_STANDARD = gnu99;
				GCC_DYNAMIC_NO_PIC = NO;
				GCC_OPTIMIZATION_LEVEL = 0;
				GCC_PREPROCESSOR_DEFINITIONS = (
					"DEBUG=1",
					"$(inherited)",
				);
				GCC_SYMBOLS_PRIVATE_EXTERN = NO;
				GCC_WARN_64_TO_32_BIT_CONVERSION = YES;
				GCC_WARN_ABOUT_RETURN_TYPE = YES_ERROR;
				GCC_WARN_UNDECLARED_SELECTOR = YES;
				GCC_WARN_UNINITIALIZED_AUTOS = YES_AGGRESSIVE;
				GCC_WARN_UNUSED_FUNCTION = YES;
				GCC_WARN_UNUSED_VARIABLE = YES;
				IPHONEOS_DEPLOYMENT_TARGET = 7.1;
				ONLY_ACTIVE_ARCH = YES;
				SDKROOT = iphoneos;
			};
			name = Debug;
		};
		1F2787111953514D00748706 /* Release */ = {
			isa = XCBuildConfiguration;
			buildSettings = {
				ALWAYS_SEARCH_USER_PATHS = NO;
				CLANG_CXX_LANGUAGE_STANDARD = "gnu++0x";
				CLANG_CXX_LIBRARY = "libc++";
				CLANG_ENABLE_MODULES = YES;
				CLANG_ENABLE_OBJC_ARC = YES;
				CLANG_WARN_BOOL_CONVERSION = YES;
				CLANG_WARN_CONSTANT_CONVERSION = YES;
				CLANG_WARN_DIRECT_OBJC_ISA_USAGE = YES_ERROR;
				CLANG_WARN_EMPTY_BODY = YES;
				CLANG_WARN_ENUM_CONVERSION = YES;
				CLANG_WARN_INT_CONVERSION = YES;
				CLANG_WARN_OBJC_ROOT_CLASS = YES_ERROR;
				CLANG_WARN__DUPLICATE_METHOD_MATCH = YES;
				COPY_PHASE_STRIP = YES;
				ENABLE_NS_ASSERTIONS = NO;
				GCC_C_LANGUAGE_STANDARD = gnu99;
				GCC_WARN_64_TO_32_BIT_CONVERSION = YES;
				GCC_WARN_ABOUT_RETURN_TYPE = YES_ERROR;
				GCC_WARN_UNDECLARED_SELECTOR = YES;
				GCC_WARN_UNINITIALIZED_AUTOS = YES_AGGRESSIVE;
				GCC_WARN_UNUSED_FUNCTION = YES;
				GCC_WARN_UNUSED_VARIABLE = YES;
				IPHONEOS_DEPLOYMENT_TARGET = 7.1;
				SDKROOT = iphoneos;
				VALIDATE_PRODUCT = YES;
			};
			name = Release;
		};
		1F2787131953514D00748706 /* Debug */ = {
			isa = XCBuildConfiguration;
			buildSettings = {
				DSTROOT = /tmp/ClearCookiesANE.dst;
				GCC_PRECOMPILE_PREFIX_HEADER = YES;
				GCC_PREFIX_HEADER = "ClearCookiesANE/ClearCookiesANE-Prefix.pch";
				OTHER_LDFLAGS = "-ObjC";
				PRODUCT_NAME = "$(TARGET_NAME)";
				SKIP_INSTALL = YES;
			};
			name = Debug;
		};
		1F2787141953514D00748706 /* Release */ = {
			isa = XCBuildConfiguration;
			buildSettings = {
				DSTROOT = /tmp/ClearCookiesANE.dst;
				GCC_PRECOMPILE_PREFIX_HEADER = YES;
				GCC_PREFIX_HEADER = "ClearCookiesANE/ClearCookiesANE-Prefix.pch";
				OTHER_LDFLAGS = "-ObjC";
				PRODUCT_NAME = "$(TARGET_NAME)";
				SKIP_INSTALL = YES;
			};
			name = Release;
		};
/* End XCBuildConfiguration section */

/* Begin XCConfigurationList section */
		1F2786EA1953514D00748706 /* Build configuration list for PBXProject "ClearCookiesANE" */ = {
			isa = XCConfigurationList;
			buildConfigurations = (
				1F2787101953514D00748706 /* Debug */,
				1F2787111953514D00748706 /* Release */,
			);
			defaultConfigurationIsVisible = 0;
			defaultConfigurationName = Release;
		};
		1F2787121953514D00748706 /* Build configuration list for PBXNativeTarget "ClearCookiesANE" */ = {
			isa = XCConfigurationList;
			buildConfigurations = (
				1F2787131953514D00748706 /* Debug */,
				1F2787141953514D00748706 /* Release */,
			);
			defaultConfigurationIsVisible = 0;
		};
/* End XCConfigurationList section */
	};
	rootObject = 1F2786E71953514D00748706 /* Project object */;
}
